uuid: d09399ee-a57e-4f03-aabb-24a81de69733
langcode: es
status: true
dependencies: {  }
_core:
  default_config_hash: 700UcZMAoqwXOP20vQ4DE5Yt7pnZ2niqBFBLHWOsTws
id: banner_block
label: 'Bloque promocional'
revision: 0
description: 'Un bloque de banner contiene un título, resumen, enlace al contenido y una imagen de fondo. La imagen de fondo se escala para llenar el ancho del navegador.'
